{
  "packs": {
    "bash": {
      "asset": "bash.blp",
      "channel": "stable",
      "repository": "Fadouse/BashLume-Rules-Bash",
      "required": false,
      "sha256": null,
      "version": null
    },
    "fish": {
      "asset": "fish.blp",
      "channel": "stable",
      "repository": "Fadouse/BashLume-Rules-Fish",
      "required": false,
      "sha256": null,
      "version": null
    },
    "zsh": {
      "asset": "zsh.blp",
      "channel": "stable",
      "repository": "Fadouse/BashLume-Rules-Zsh",
      "required": false,
      "sha256": null,
      "version": null
    }
  },
  "schema": 1
}
