{
  "schema": 1,
  "packs": {
    "bash": {
      "repository": "Fadouse/BashLume-Rules-Bash",
      "channel": "stable",
      "version": null,
      "asset": "bash.blp",
      "sha256": null,
      "required": false
    },
    "zsh": {
      "repository": "Fadouse/BashLume-Rules-Zsh",
      "channel": "stable",
      "version": null,
      "asset": "zsh.blp",
      "sha256": null,
      "required": false
    },
    "fish": {
      "repository": "Fadouse/BashLume-Rules-Fish",
      "channel": "stable",
      "version": null,
      "asset": "fish.blp",
      "sha256": null,
      "required": false
    }
  }
}
